// !$*UTF8*$!
{
	archiveVersion = 1;
	classes = {
	};
	objectVersion = 46;
	objects = {

/* Begin PBXBuildFile section */
		A8B653021DD32628003D7DE6 /* AppDelegate.swift in Sources */ = {isa = PBXBuildFile; fileRef = A8B653011DD32628003D7DE6 /* AppDelegate.swift */; };
		A8B653041DD32628003D7DE6 /* ViewController.swift in Sources */ = {isa = PBXBuildFile; fileRef = A8B653031DD32628003D7DE6 /* ViewController.swift */; };
		A8B653061DD32628003D7DE6 /* Assets.xcassets in Resources */ = {isa = PBXBuildFile; fileRef = A8B653051DD32628003D7DE6 /* Assets.xcassets */; };
		A8B653091DD32628003D7DE6 /* Main.storyboard in Resources */ = {isa = PBXBuildFile; fileRef = A8B653071DD32628003D7DE6 /* Main.storyboard */; };
/* End PBXBuildFile section */

/* Begin PBXFileReference section */
		A8B652FE1DD32628003D7DE6 /* Pinned.app */ = {isa = PBXFileReference; explicitFileType = wrapper.application; includeInIndex = 0; path = Pinned.app; sourceTree = BUILT_PRODUCTS_DIR; };
		A8B653011DD32628003D7DE6 /* AppDelegate.swift */ = {isa = PBXFileReference; lastKnownFileType = sourcecode.swift; path = AppDelegate.swift; sourceTree = "<group>"; };
		A8B653031DD32628003D7DE6 /* ViewController.swift */ = {isa = PBXFileReference; lastKnownFileType = sourcecode.swift; path = ViewController.swift; sourceTree = "<group>"; };
		A8B653051DD32628003D7DE6 /* Assets.xcassets */ = {isa = PBXFileReference; lastKnownFileType = folder.assetcatalog; path = Assets.xcassets; sourceTree = "<group>"; };
		A8B653081DD32628003D7DE6 /* Base */ = {isa = PBXFileReference; lastKnownFileType = file.storyboard; name = Base; path = Base.lproj/Main.storyboard; sourceTree = "<group>"; };
		A8B6530A1DD32628003D7DE6 /* Info.plist */ = {isa = PBXFileReference; lastKnownFileType = text.plist.xml; path = Info.plist; sourceTree = "<group>"; };
/* End PBXFileReference section */

/* Begin PBXFrameworksBuildPhase section */
		A8B652FB1DD32628003D7DE6 /* Frameworks */ = {
			isa = PBXFrameworksBuildPhase;
			buildActionMask = 2147483647;
			files = (
			);
			runOnlyForDeploymentPostprocessing = 0;
		};
/* End PBXFrameworksBuildPhase section */

/* Begin PBXGroup section */
		A8B652F51DD32628003D7DE6 = {
			isa = PBXGroup;
			children = (
				A8B653001DD32628003D7DE6 /* AboveAllElse */,
				A8B652FF1DD32628003D7DE6 /* Products */,
			);
			sourceTree = "<group>";
		};
		A8B652FF1DD32628003D7DE6 /* Products */ = {
			isa = PBXGroup;
			children = (
				A8B652FE1DD32628003D7DE6 /* Pinned.app */,
			);
			name = Products;
			sourceTree = "<group>";
		};
		A8B653001DD32628003D7DE6 /* AboveAllElse */ = {
			isa = PBXGroup;
			children = (
				A8B653011DD32628003D7DE6 /* AppDelegate.swift */,
				A8B653031DD32628003D7DE6 /* ViewController.swift */,
				A8B653051DD32628003D7DE6 /* Assets.xcassets */,
				A8B653071DD32628003D7DE6 /* Main.storyboard */,
				A8B6530A1DD32628003D7DE6 /* Info.plist */,
			);
			path = AboveAllElse;
			sourceTree = "<group>";
		};
/* End PBXGroup section */

/* Begin PBXNativeTarget section */
		A8B652FD1DD32628003D7DE6 /* Pinned */ = {
			isa = PBXNativeTarget;
			buildConfigurationList = A8B6530D1DD32628003D7DE6 /* Build configuration list for PBXNativeTarget "Pinned" */;
			buildPhases = (
				A8B652FA1DD32628003D7DE6 /* Sources */,
				A8B652FB1DD32628003D7DE6 /* Frameworks */,
				A8B652FC1DD32628003D7DE6 /* Resources */,
			);
			buildRules = (
			);
			dependencies = (
			);
			name = Pinned;
			productName = AboveAllElse;
			productReference = A8B652FE1DD32628003D7DE6 /* Pinned.app */;
			productType = "com.apple.product-type.application";
		};
/* End PBXNativeTarget section */

/* Begin PBXProject section */
		A8B652F61DD32628003D7DE6 /* Project object */ = {
			isa = PBXProject;
			attributes = {
				LastSwiftUpdateCheck = 0810;
				LastUpgradeCheck = 0810;
				ORGANIZATIONNAME = "Tom Sinlgeton";
				TargetAttributes = {
					A8B652FD1DD32628003D7DE6 = {
						CreatedOnToolsVersion = 8.1;
						DevelopmentTeam = K68WDDJ6BS;
						ProvisioningStyle = Automatic;
					};
				};
			};
			buildConfigurationList = A8B652F91DD32628003D7DE6 /* Build configuration list for PBXProject "Pinned" */;
			compatibilityVersion = "Xcode 3.2";
			developmentRegion = English;
			hasScannedForEncodings = 0;
			knownRegions = (
				en,
				Base,
			);
			mainGroup = A8B652F51DD32628003D7DE6;
			productRefGroup = A8B652FF1DD32628003D7DE6 /* Products */;
			projectDirPath = "";
			projectRoot = "";
			targets = (
				A8B652FD1DD32628003D7DE6 /* Pinned */,
			);
		};
/* End PBXProject section */

/* Begin PBXResourcesBuildPhase section */
		A8B652FC1DD32628003D7DE6 /* Resources */ = {
			isa = PBXResourcesBuildPhase;
			buildActionMask = 2147483647;
			files = (
				A8B653061DD32628003D7DE6 /* Assets.xcassets in Resources */,
				A8B653091DD32628003D7DE6 /* Main.storyboard in Resources */,
			);
			runOnlyForDeploymentPostprocessing = 0;
		};
/* End PBXResourcesBuildPhase section */

/* Begin PBXSourcesBuildPhase section */
		A8B652FA1DD32628003D7DE6 /* Sources */ = {
			isa = PBXSourcesBuildPhase;
			buildActionMask = 2147483647;
			files = (
				A8B653041DD32628003D7DE6 /* ViewController.swift in Sources */,
				A8B653021DD32628003D7DE6 /* AppDelegate.swift in Sources */,
			);
			runOnlyForDeploymentPostprocessing = 0;
		};
/* End PBXSourcesBuildPhase section */

/* Begin PBXVariantGroup section */
		A8B653071DD32628003D7DE6 /* Main.storyboard */ = {
			isa = PBXVariantGroup;
			children = (
				A8B653081DD32628003D7DE6 /* Base */,
			);
			name = Main.storyboard;
			sourceTree = "<group>";
		};
/* End PBXVariantGroup section */

/* Begin XCBuildConfiguration section */
		A8B6530B1DD32628003D7DE6 /* Debug */ = {
			isa = XCBuildConfiguration;
			buildSettings = {
				ALWAYS_SEARCH_USER_PATHS = NO;
				CLANG_ANALYZER_NONNULL = YES;
				CLANG_CXX_LANGUAGE_STANDARD = "gnu++0x";
				CLANG_CXX_LIBRARY = "libc++";
				CLANG_ENABLE_MODULES = YES;
				CLANG_ENABLE_OBJC_ARC = YES;
				CLANG_WARN_BOOL_CONVERSION = YES;
				CLANG_WARN_CONSTANT_CONVERSION = YES;
				CLANG_WARN_DIRECT_OBJC_ISA_USAGE = YES_ERROR;
				CLANG_WARN_DOCUMENTATION_COMMENTS = YES;
				CLANG_WARN_EMPTY_BODY = YES;
				CLANG_WARN_ENUM_CONVERSION = YES;
				CLANG_WARN_INFINITE_RECURSION = YES;
				CLANG_WARN_INT_CONVERSION = YES;
				CLANG_WARN_OBJC_ROOT_CLASS = YES_ERROR;
				CLANG_WARN_SUSPICIOUS_MOVES = YES;
				CLANG_WARN_UNREACHABLE_CODE = YES;
				CLANG_WARN__DUPLICATE_METHOD_MATCH = YES;
				CODE_SIGN_IDENTITY = "-";
				COPY_PHASE_STRIP = NO;
				DEBUG_INFORMATION_FORMAT = dwarf;
				ENABLE_STRICT_OBJC_MSGSEND = YES;
				ENABLE_TESTABILITY = YES;
				GCC_C_LANGUAGE_STANDARD = gnu99;
				GCC_DYNAMIC_NO_PIC = NO;
				GCC_NO_COMMON_BLOCKS = YES;
				GCC_OPTIMIZATION_LEVEL = 0;
				GCC_PREPROCESSOR_DEFINITIONS = (
					"DEBUG=1",
					"$(inherited)",
				);
				GCC_WARN_64_TO_32_BIT_CONVERSION = YES;
				GCC_WARN_ABOUT_RETURN_TYPE = YES_ERROR;
				GCC_WARN_UNDECLARED_SELECTOR = YES;
				GCC_WARN_UNINITIALIZED_AUTOS = YES_AGGRESSIVE;
				GCC_WARN_UNUSED_FUNCTION = YES;
				GCC_WARN_UNUSED_VARIABLE = YES;
				MACOSX_DEPLOYMENT_TARGET = 10.12;
				MTL_ENABLE_DEBUG_INFO = YES;
				ONLY_ACTIVE_ARCH = YES;
				SDKROOT = macosx;
				SWIFT_ACTIVE_COMPILATION_CONDITIONS = DEBUG;
				SWIFT_OPTIMIZATION_LEVEL = "-Onone";
			};
			name = Debug;
		};
		A8B6530C1DD32628003D7DE6 /* Release */ = {
			isa = XCBuildConfiguration;
			buildSettings = {
				ALWAYS_SEARCH_USER_PATHS = NO;
				CLANG_ANALYZER_NONNULL = YES;
				CLANG_CXX_LANGUAGE_STANDARD = "gnu++0x";
				CLANG_CXX_LIBRARY = "libc++";
				CLANG_ENABLE_MODULES = YES;
				CLANG_ENABLE_OBJC_ARC = YES;
				CLANG_WARN_BOOL_CONVERSION = YES;
				CLANG_WARN_CONSTANT_CONVERSION = YES;
				CLANG_WARN_DIRECT_OBJC_ISA_USAGE = YES_ERROR;
				CLANG_WARN_DOCUMENTATION_COMMENTS = YES;
				CLANG_WARN_EMPTY_BODY = YES;
				CLANG_WARN_ENUM_CONVERSION = YES;
				CLANG_WARN_INFINITE_RECURSION = YES;
				CLANG_WARN_INT_CONVERSION = YES;
				CLANG_WARN_OBJC_ROOT_CLASS = YES_ERROR;
				CLANG_WARN_SUSPICIOUS_MOVES = YES;
				CLANG_WARN_UNREACHABLE_CODE = YES;
				CLANG_WARN__DUPLICATE_METHOD_MATCH = YES;
				CODE_SIGN_IDENTITY = "-";
				COPY_PHASE_STRIP = NO;
				DEBUG_INFORMATION_FORMAT = "dwarf-with-dsym";
				ENABLE_NS_ASSERTIONS = NO;
				ENABLE_STRICT_OBJC_MSGSEND = YES;
				GCC_C_LANGUAGE_STANDARD = gnu99;
				GCC_NO_COMMON_BLOCKS = YES;
				GCC_WARN_64_TO_32_BIT_CONVERSION = YES;
				GCC_WARN_ABOUT_RETURN_TYPE = YES_ERROR;
				GCC_WARN_UNDECLARED_SELECTOR = YES;
				GCC_WARN_UNINITIALIZED_AUTOS = YES_AGGRESSIVE;
				GCC_WARN_UNUSED_FUNCTION = YES;
				GCC_WARN_UNUSED_VARIABLE = YES;
				MACOSX_DEPLOYMENT_TARGET = 10.12;
				MTL_ENABLE_DEBUG_INFO = NO;
				SDKROOT = macosx;
				SWIFT_OPTIMIZATION_LEVEL = "-Owholemodule";
			};
			name = Release;
		};
		A8B6530E1DD32628003D7DE6 /* Debug */ = {
			isa = XCBuildConfiguration;
			buildSettings = {
				ASSETCATALOG_COMPILER_APPICON_NAME = AppIcon;
				COMBINE_HIDPI_IMAGES = YES;
				DEVELOPMENT_TEAM = K68WDDJ6BS;
				INFOPLIST_FILE = AboveAllElse/Info.plist;
				LD_RUNPATH_SEARCH_PATHS = "$(inherited) @executable_path/../Frameworks";
				PRODUCT_BUNDLE_IDENTIFIER = ink.designdev.AboveAllElse;
				PRODUCT_NAME = "$(TARGET_NAME)";
				SWIFT_VERSION = 3.0;
			};
			name = Debug;
		};
		A8B6530F1DD32628003D7DE6 /* Release */ = {
			isa = XCBuildConfiguration;
			buildSettings = {
				ASSETCATALOG_COMPILER_APPICON_NAME = AppIcon;
				COMBINE_HIDPI_IMAGES = YES;
				DEVELOPMENT_TEAM = K68WDDJ6BS;
				INFOPLIST_FILE = AboveAllElse/Info.plist;
				LD_RUNPATH_SEARCH_PATHS = "$(inherited) @executable_path/../Frameworks";
				PRODUCT_BUNDLE_IDENTIFIER = ink.designdev.AboveAllElse;
				PRODUCT_NAME = "$(TARGET_NAME)";
				SWIFT_VERSION = 3.0;
			};
			name = Release;
		};
/* End XCBuildConfiguration section */

/* Begin XCConfigurationList section */
		A8B652F91DD32628003D7DE6 /* Build configuration list for PBXProject "Pinned" */ = {
			isa = XCConfigurationList;
			buildConfigurations = (
				A8B6530B1DD32628003D7DE6 /* Debug */,
				A8B6530C1DD32628003D7DE6 /* Release */,
			);
			defaultConfigurationIsVisible = 0;
			defaultConfigurationName = Release;
		};
		A8B6530D1DD32628003D7DE6 /* Build configuration list for PBXNativeTarget "Pinned" */ = {
			isa = XCConfigurationList;
			buildConfigurations = (
				A8B6530E1DD32628003D7DE6 /* Debug */,
				A8B6530F1DD32628003D7DE6 /* Release */,
			);
			defaultConfigurationIsVisible = 0;
		};
/* End XCConfigurationList section */
	};
	rootObject = A8B652F61DD32628003D7DE6 /* Project object */;
}
